
Microsoft Visual Studio Solution File, Format Version 12.00
# Visual Studio 15
VisualStudioVersion = 15.0.27703.2000
MinimumVisualStudioVersion = 10.0.40219.1
Project("{FAE04EC0-301F-11D3-BF4B-00C04F79EFBC}") = "CASCRS_Voucher_Import", "CASCRS_Voucher_Import\CASCRS_Voucher_Import.csproj", "{7D584517-8214-4F90-8CBF-7B946C07491E}"
EndProject
Global
	GlobalSection(SolutionConfigurationPlatforms) = preSolution
		Debug|Any CPU = Debug|Any CPU
		Release|Any CPU = Release|Any CPU
	EndGlobalSection
	GlobalSection(ProjectConfigurationPlatforms) = postSolution
		{7D584517-8214-4F90-8CBF-7B946C07491E}.Debug|Any CPU.ActiveCfg = Debug|Any CPU
		{7D584517-8214-4F90-8CBF-7B946C07491E}.Debug|Any CPU.Build.0 = Debug|Any CPU
		{7D584517-8214-4F90-8CBF-7B946C07491E}.Release|Any CPU.ActiveCfg = Release|Any CPU
		{7D584517-8214-4F90-8CBF-7B946C07491E}.Release|Any CPU.Build.0 = Release|Any CPU
	EndGlobalSection
	GlobalSection(SolutionProperties) = preSolution
		HideSolutionNode = FALSE
	EndGlobalSection
	GlobalSection(ExtensibilityGlobals) = postSolution
		SolutionGuid = {0BCC7E58-BA63-4B86-A98D-93CB5FD8ADF5}
	EndGlobalSection
EndGlobal
